
Microsoft Visual Studio Solution File, Format Version 12.00
# Visual Studio 15
VisualStudioVersion = 15.0.26124.0
MinimumVisualStudioVersion = 15.0.26124.0
Project("{FAE04EC0-301F-11D3-BF4B-00C04F79EFBC}") = "Domain", "Domain\Domain.csproj", "{380CAB1D-DA22-4F07-845C-52D17D649F70}"
EndProject
Project("{FAE04EC0-301F-11D3-BF4B-00C04F79EFBC}") = "DotnetHero.Api", "DotnetHero.Api\DotnetHero.Api.csproj", "{3B26D3A1-3449-474B-A8BD-58CCAD1E2F65}"
EndProject
Global
	GlobalSection(SolutionConfigurationPlatforms) = preSolution
		Debug|Any CPU = Debug|Any CPU
		Debug|x64 = Debug|x64
		Debug|x86 = Debug|x86
		Release|Any CPU = Release|Any CPU
		Release|x64 = Release|x64
		Release|x86 = Release|x86
	EndGlobalSection
	GlobalSection(SolutionProperties) = preSolution
		HideSolutionNode = FALSE
	EndGlobalSection
	GlobalSection(ProjectConfigurationPlatforms) = postSolution
		{3B26D3A1-3449-474B-A8BD-58CCAD1E2F65}.Debug|Any CPU.ActiveCfg = Debug|Any CPU
		{3B26D3A1-3449-474B-A8BD-58CCAD1E2F65}.Debug|Any CPU.Build.0 = Debug|Any CPU
		{3B26D3A1-3449-474B-A8BD-58CCAD1E2F65}.Debug|x64.ActiveCfg = Debug|Any CPU
		{3B26D3A1-3449-474B-A8BD-58CCAD1E2F65}.Debug|x64.Build.0 = Debug|Any CPU
		{3B26D3A1-3449-474B-A8BD-58CCAD1E2F65}.Debug|x86.ActiveCfg = Debug|Any CPU
		{3B26D3A1-3449-474B-A8BD-58CCAD1E2F65}.Debug|x86.Build.0 = Debug|Any CPU
		{3B26D3A1-3449-474B-A8BD-58CCAD1E2F65}.Release|Any CPU.ActiveCfg = Release|Any CPU
		{3B26D3A1-3449-474B-A8BD-58CCAD1E2F65}.Release|Any CPU.Build.0 = Release|Any CPU
		{3B26D3A1-3449-474B-A8BD-58CCAD1E2F65}.Release|x64.ActiveCfg = Release|Any CPU
		{3B26D3A1-3449-474B-A8BD-58CCAD1E2F65}.Release|x64.Build.0 = Release|Any CPU
		{3B26D3A1-3449-474B-A8BD-58CCAD1E2F65}.Release|x86.ActiveCfg = Release|Any CPU
		{3B26D3A1-3449-474B-A8BD-58CCAD1E2F65}.Release|x86.Build.0 = Release|Any CPU
		{0E247972-C06A-4EBD-9FB5-41A3A509152D}.Debug|Any CPU.ActiveCfg = Debug|Any CPU
		{0E247972-C06A-4EBD-9FB5-41A3A509152D}.Debug|Any CPU.Build.0 = Debug|Any CPU
		{0E247972-C06A-4EBD-9FB5-41A3A509152D}.Debug|x64.ActiveCfg = Debug|Any CPU
		{0E247972-C06A-4EBD-9FB5-41A3A509152D}.Debug|x64.Build.0 = Debug|Any CPU
		{0E247972-C06A-4EBD-9FB5-41A3A509152D}.Debug|x86.ActiveCfg = Debug|Any CPU
		{0E247972-C06A-4EBD-9FB5-41A3A509152D}.Debug|x86.Build.0 = Debug|Any CPU
		{0E247972-C06A-4EBD-9FB5-41A3A509152D}.Release|Any CPU.ActiveCfg = Release|Any CPU
		{0E247972-C06A-4EBD-9FB5-41A3A509152D}.Release|Any CPU.Build.0 = Release|Any CPU
		{0E247972-C06A-4EBD-9FB5-41A3A509152D}.Release|x64.ActiveCfg = Release|Any CPU
		{0E247972-C06A-4EBD-9FB5-41A3A509152D}.Release|x64.Build.0 = Release|Any CPU
		{0E247972-C06A-4EBD-9FB5-41A3A509152D}.Release|x86.ActiveCfg = Release|Any CPU
		{0E247972-C06A-4EBD-9FB5-41A3A509152D}.Release|x86.Build.0 = Release|Any CPU
		{380CAB1D-DA22-4F07-845C-52D17D649F70}.Debug|Any CPU.ActiveCfg = Debug|Any CPU
		{380CAB1D-DA22-4F07-845C-52D17D649F70}.Debug|Any CPU.Build.0 = Debug|Any CPU
		{380CAB1D-DA22-4F07-845C-52D17D649F70}.Debug|x64.ActiveCfg = Debug|Any CPU
		{380CAB1D-DA22-4F07-845C-52D17D649F70}.Debug|x64.Build.0 = Debug|Any CPU
		{380CAB1D-DA22-4F07-845C-52D17D649F70}.Debug|x86.ActiveCfg = Debug|Any CPU
		{380CAB1D-DA22-4F07-845C-52D17D649F70}.Debug|x86.Build.0 = Debug|Any CPU
		{380CAB1D-DA22-4F07-845C-52D17D649F70}.Release|Any CPU.ActiveCfg = Release|Any CPU
		{380CAB1D-DA22-4F07-845C-52D17D649F70}.Release|Any CPU.Build.0 = Release|Any CPU
		{380CAB1D-DA22-4F07-845C-52D17D649F70}.Release|x64.ActiveCfg = Release|Any CPU
		{380CAB1D-DA22-4F07-845C-52D17D649F70}.Release|x64.Build.0 = Release|Any CPU
		{380CAB1D-DA22-4F07-845C-52D17D649F70}.Release|x86.ActiveCfg = Release|Any CPU
		{380CAB1D-DA22-4F07-845C-52D17D649F70}.Release|x86.Build.0 = Release|Any CPU
	EndGlobalSection
EndGlobal
